// !$*UTF8*$!
{
	archiveVersion = 1;
	classes = {
	};
	objectVersion = 46;
	objects = {

/* Begin PBXBuildFile section */
		140A76241ADDCC68007350E6 /* GLUT.framework in Frameworks */ = {isa = PBXBuildFile; fileRef = 140A76231ADDCC68007350E6 /* GLUT.framework */; };
		140A76261ADDCC6C007350E6 /* OpenGL.framework in Frameworks */ = {isa = PBXBuildFile; fileRef = 140A76251ADDCC6C007350E6 /* OpenGL.framework */; };
		140A76281ADDCC70007350E6 /* Cocoa.framework in Frameworks */ = {isa = PBXBuildFile; fileRef = 140A76271ADDCC70007350E6 /* Cocoa.framework */; };
		140A762A1ADDCCAD007350E6 /* main.cpp in Sources */ = {isa = PBXBuildFile; fileRef = 140A76291ADDCCAD007350E6 /* main.cpp */; };
		140A76321ADDCD09007350E6 /* control.cpp in Sources */ = {isa = PBXBuildFile; fileRef = 140A762C1ADDCD09007350E6 /* control.cpp */; };
		140A76331ADDCD09007350E6 /* image.cpp in Sources */ = {isa = PBXBuildFile; fileRef = 140A762E1ADDCD09007350E6 /* image.cpp */; };
		140A76351ADDCD33007350E6 /* ip.cpp in Sources */ = {isa = PBXBuildFile; fileRef = 140A76341ADDCD33007350E6 /* ip.cpp */; };
/* End PBXBuildFile section */

/* Begin PBXCopyFilesBuildPhase section */
		140A76171ADDCC52007350E6 /* CopyFiles */ = {
			isa = PBXCopyFilesBuildPhase;
			buildActionMask = 2147483647;
			dstPath = /usr/share/man/man1/;
			dstSubfolderSpec = 0;
			files = (
			);
			runOnlyForDeploymentPostprocessing = 1;
		};
/* End PBXCopyFilesBuildPhase section */

/* Begin PBXFileReference section */
		140A76191ADDCC52007350E6 /* Depixeling */ = {isa = PBXFileReference; explicitFileType = "compiled.mach-o.executable"; includeInIndex = 0; path = Depixeling; sourceTree = BUILT_PRODUCTS_DIR; };
		140A76231ADDCC68007350E6 /* GLUT.framework */ = {isa = PBXFileReference; lastKnownFileType = wrapper.framework; name = GLUT.framework; path = System/Library/Frameworks/GLUT.framework; sourceTree = SDKROOT; };
		140A76251ADDCC6C007350E6 /* OpenGL.framework */ = {isa = PBXFileReference; lastKnownFileType = wrapper.framework; name = OpenGL.framework; path = System/Library/Frameworks/OpenGL.framework; sourceTree = SDKROOT; };
		140A76271ADDCC70007350E6 /* Cocoa.framework */ = {isa = PBXFileReference; lastKnownFileType = wrapper.framework; name = Cocoa.framework; path = System/Library/Frameworks/Cocoa.framework; sourceTree = SDKROOT; };
		140A76291ADDCCAD007350E6 /* main.cpp */ = {isa = PBXFileReference; fileEncoding = 4; lastKnownFileType = sourcecode.cpp.cpp; path = main.cpp; sourceTree = "<group>"; };
		140A762B1ADDCD09007350E6 /* common.h */ = {isa = PBXFileReference; fileEncoding = 4; lastKnownFileType = sourcecode.c.h; path = common.h; sourceTree = "<group>"; };
		140A762C1ADDCD09007350E6 /* control.cpp */ = {isa = PBXFileReference; fileEncoding = 4; lastKnownFileType = sourcecode.cpp.cpp; path = control.cpp; sourceTree = "<group>"; };
		140A762D1ADDCD09007350E6 /* control.h */ = {isa = PBXFileReference; fileEncoding = 4; lastKnownFileType = sourcecode.c.h; path = control.h; sourceTree = "<group>"; };
		140A762E1ADDCD09007350E6 /* image.cpp */ = {isa = PBXFileReference; fileEncoding = 4; lastKnownFileType = sourcecode.cpp.cpp; path = image.cpp; sourceTree = "<group>"; };
		140A762F1ADDCD09007350E6 /* image.h */ = {isa = PBXFileReference; fileEncoding = 4; lastKnownFileType = sourcecode.c.h; path = image.h; sourceTree = "<group>"; };
		140A76301ADDCD09007350E6 /* ip.h */ = {isa = PBXFileReference; fileEncoding = 4; lastKnownFileType = sourcecode.c.h; path = ip.h; sourceTree = "<group>"; };
		140A76311ADDCD09007350E6 /* main.h */ = {isa = PBXFileReference; fileEncoding = 4; lastKnownFileType = sourcecode.c.h; path = main.h; sourceTree = "<group>"; };
		140A76341ADDCD33007350E6 /* ip.cpp */ = {isa = PBXFileReference; fileEncoding = 4; lastKnownFileType = sourcecode.cpp.cpp; path = ip.cpp; sourceTree = "<group>"; };
/* End PBXFileReference section */

/* Begin PBXFrameworksBuildPhase section */
		140A76161ADDCC52007350E6 /* Frameworks */ = {
			isa = PBXFrameworksBuildPhase;
			buildActionMask = 2147483647;
			files = (
				140A76281ADDCC70007350E6 /* Cocoa.framework in Frameworks */,
				140A76261ADDCC6C007350E6 /* OpenGL.framework in Frameworks */,
				140A76241ADDCC68007350E6 /* GLUT.framework in Frameworks */,
			);
			runOnlyForDeploymentPostprocessing = 0;
		};
/* End PBXFrameworksBuildPhase section */

/* Begin PBXGroup section */
		140A76101ADDCC52007350E6 = {
			isa = PBXGroup;
			children = (
				140A76271ADDCC70007350E6 /* Cocoa.framework */,
				140A76251ADDCC6C007350E6 /* OpenGL.framework */,
				140A76231ADDCC68007350E6 /* GLUT.framework */,
				140A761B1ADDCC52007350E6 /* Depixeling */,
				140A761A1ADDCC52007350E6 /* Products */,
			);
			sourceTree = "<group>";
		};
		140A761A1ADDCC52007350E6 /* Products */ = {
			isa = PBXGroup;
			children = (
				140A76191ADDCC52007350E6 /* Depixeling */,
			);
			name = Products;
			sourceTree = "<group>";
		};
		140A761B1ADDCC52007350E6 /* Depixeling */ = {
			isa = PBXGroup;
			children = (
				140A762B1ADDCD09007350E6 /* common.h */,
				140A762C1ADDCD09007350E6 /* control.cpp */,
				140A762D1ADDCD09007350E6 /* control.h */,
				140A762E1ADDCD09007350E6 /* image.cpp */,
				140A762F1ADDCD09007350E6 /* image.h */,
				140A76301ADDCD09007350E6 /* ip.h */,
				140A76311ADDCD09007350E6 /* main.h */,
				140A76291ADDCCAD007350E6 /* main.cpp */,
				140A76341ADDCD33007350E6 /* ip.cpp */,
			);
			path = Depixeling;
			sourceTree = "<group>";
		};
/* End PBXGroup section */

/* Begin PBXNativeTarget section */
		140A76181ADDCC52007350E6 /* Depixeling */ = {
			isa = PBXNativeTarget;
			buildConfigurationList = 140A76201ADDCC52007350E6 /* Build configuration list for PBXNativeTarget "Depixeling" */;
			buildPhases = (
				140A76151ADDCC52007350E6 /* Sources */,
				140A76161ADDCC52007350E6 /* Frameworks */,
				140A76171ADDCC52007350E6 /* CopyFiles */,
			);
			buildRules = (
			);
			dependencies = (
			);
			name = Depixeling;
			productName = Depixeling;
			productReference = 140A76191ADDCC52007350E6 /* Depixeling */;
			productType = "com.apple.product-type.tool";
		};
/* End PBXNativeTarget section */

/* Begin PBXProject section */
		140A76111ADDCC52007350E6 /* Project object */ = {
			isa = PBXProject;
			attributes = {
				LastUpgradeCheck = 0610;
				ORGANIZATIONNAME = "Huangjian Zhu";
				TargetAttributes = {
					140A76181ADDCC52007350E6 = {
						CreatedOnToolsVersion = 6.1.1;
					};
				};
			};
			buildConfigurationList = 140A76141ADDCC52007350E6 /* Build configuration list for PBXProject "Depixeling" */;
			compatibilityVersion = "Xcode 3.2";
			developmentRegion = English;
			hasScannedForEncodings = 0;
			knownRegions = (
				en,
			);
			mainGroup = 140A76101ADDCC52007350E6;
			productRefGroup = 140A761A1ADDCC52007350E6 /* Products */;
			projectDirPath = "";
			projectRoot = "";
			targets = (
				140A76181ADDCC52007350E6 /* Depixeling */,
			);
		};
/* End PBXProject section */

/* Begin PBXSourcesBuildPhase section */
		140A76151ADDCC52007350E6 /* Sources */ = {
			isa = PBXSourcesBuildPhase;
			buildActionMask = 2147483647;
			files = (
				140A76351ADDCD33007350E6 /* ip.cpp in Sources */,
				140A762A1ADDCCAD007350E6 /* main.cpp in Sources */,
				140A76321ADDCD09007350E6 /* control.cpp in Sources */,
				140A76331ADDCD09007350E6 /* image.cpp in Sources */,
			);
			runOnlyForDeploymentPostprocessing = 0;
		};
/* End PBXSourcesBuildPhase section */

/* Begin XCBuildConfiguration section */
		140A761E1ADDCC52007350E6 /* Debug */ = {
			isa = XCBuildConfiguration;
			buildSettings = {
				ALWAYS_SEARCH_USER_PATHS = NO;
				CLANG_CXX_LANGUAGE_STANDARD = "gnu++0x";
				CLANG_CXX_LIBRARY = "libc++";
				CLANG_ENABLE_MODULES = YES;
				CLANG_ENABLE_OBJC_ARC = YES;
				CLANG_WARN_BOOL_CONVERSION = YES;
				CLANG_WARN_CONSTANT_CONVERSION = YES;
				CLANG_WARN_DIRECT_OBJC_ISA_USAGE = YES_ERROR;
				CLANG_WARN_EMPTY_BODY = YES;
				CLANG_WARN_ENUM_CONVERSION = YES;
				CLANG_WARN_INT_CONVERSION = YES;
				CLANG_WARN_OBJC_ROOT_CLASS = YES_ERROR;
				CLANG_WARN_UNREACHABLE_CODE = YES;
				CLANG_WARN__DUPLICATE_METHOD_MATCH = YES;
				COPY_PHASE_STRIP = NO;
				ENABLE_STRICT_OBJC_MSGSEND = YES;
				GCC_C_LANGUAGE_STANDARD = gnu99;
				GCC_DYNAMIC_NO_PIC = NO;
				GCC_OPTIMIZATION_LEVEL = 0;
				GCC_PREPROCESSOR_DEFINITIONS = (
					"DEBUG=1",
					"$(inherited)",
				);
				GCC_SYMBOLS_PRIVATE_EXTERN = NO;
				GCC_WARN_64_TO_32_BIT_CONVERSION = YES;
				GCC_WARN_ABOUT_RETURN_TYPE = YES_ERROR;
				GCC_WARN_UNDECLARED_SELECTOR = YES;
				GCC_WARN_UNINITIALIZED_AUTOS = YES_AGGRESSIVE;
				GCC_WARN_UNUSED_FUNCTION = YES;
				GCC_WARN_UNUSED_VARIABLE = YES;
				MACOSX_DEPLOYMENT_TARGET = 10.10;
				MTL_ENABLE_DEBUG_INFO = YES;
				ONLY_ACTIVE_ARCH = YES;
				SDKROOT = macosx;
			};
			name = Debug;
		};
		140A761F1ADDCC52007350E6 /* Release */ = {
			isa = XCBuildConfiguration;
			buildSettings = {
				ALWAYS_SEARCH_USER_PATHS = NO;
				CLANG_CXX_LANGUAGE_STANDARD = "gnu++0x";
				CLANG_CXX_LIBRARY = "libc++";
				CLANG_ENABLE_MODULES = YES;
				CLANG_ENABLE_OBJC_ARC = YES;
				CLANG_WARN_BOOL_CONVERSION = YES;
				CLANG_WARN_CONSTANT_CONVERSION = YES;
				CLANG_WARN_DIRECT_OBJC_ISA_USAGE = YES_ERROR;
				CLANG_WARN_EMPTY_BODY = YES;
				CLANG_WARN_ENUM_CONVERSION = YES;
				CLANG_WARN_INT_CONVERSION = YES;
				CLANG_WARN_OBJC_ROOT_CLASS = YES_ERROR;
				CLANG_WARN_UNREACHABLE_CODE = YES;
				CLANG_WARN__DUPLICATE_METHOD_MATCH = YES;
				COPY_PHASE_STRIP = YES;
				DEBUG_INFORMATION_FORMAT = "dwarf-with-dsym";
				ENABLE_NS_ASSERTIONS = NO;
				ENABLE_STRICT_OBJC_MSGSEND = YES;
				GCC_C_LANGUAGE_STANDARD = gnu99;
				GCC_WARN_64_TO_32_BIT_CONVERSION = YES;
				GCC_WARN_ABOUT_RETURN_TYPE = YES_ERROR;
				GCC_WARN_UNDECLARED_SELECTOR = YES;
				GCC_WARN_UNINITIALIZED_AUTOS = YES_AGGRESSIVE;
				GCC_WARN_UNUSED_FUNCTION = YES;
				GCC_WARN_UNUSED_VARIABLE = YES;
				MACOSX_DEPLOYMENT_TARGET = 10.10;
				MTL_ENABLE_DEBUG_INFO = NO;
				SDKROOT = macosx;
			};
			name = Release;
		};
		140A76211ADDCC52007350E6 /* Debug */ = {
			isa = XCBuildConfiguration;
			buildSettings = {
				PRODUCT_NAME = "$(TARGET_NAME)";
			};
			name = Debug;
		};
		140A76221ADDCC52007350E6 /* Release */ = {
			isa = XCBuildConfiguration;
			buildSettings = {
				PRODUCT_NAME = "$(TARGET_NAME)";
			};
			name = Release;
		};
/* End XCBuildConfiguration section */

/* Begin XCConfigurationList section */
		140A76141ADDCC52007350E6 /* Build configuration list for PBXProject "Depixeling" */ = {
			isa = XCConfigurationList;
			buildConfigurations = (
				140A761E1ADDCC52007350E6 /* Debug */,
				140A761F1ADDCC52007350E6 /* Release */,
			);
			defaultConfigurationIsVisible = 0;
			defaultConfigurationName = Release;
		};
		140A76201ADDCC52007350E6 /* Build configuration list for PBXNativeTarget "Depixeling" */ = {
			isa = XCConfigurationList;
			buildConfigurations = (
				140A76211ADDCC52007350E6 /* Debug */,
				140A76221ADDCC52007350E6 /* Release */,
			);
			defaultConfigurationIsVisible = 0;
			defaultConfigurationName = Release;
		};
/* End XCConfigurationList section */
	};
	rootObject = 140A76111ADDCC52007350E6 /* Project object */;
}
